// !$*UTF8*$!
{
	archiveVersion = 1;
	classes = {
	};
	objectVersion = 50;
	objects = {

/* Begin PBXBuildFile section */
		B0B270E3246B1DC600CFF4A1 /* AppDelegate.swift in Sources */ = {isa = PBXBuildFile; fileRef = B0B270E2246B1DC600CFF4A1 /* AppDelegate.swift */; };
		B0B270E5246B1DC600CFF4A1 /* SceneDelegate.swift in Sources */ = {isa = PBXBuildFile; fileRef = B0B270E4246B1DC600CFF4A1 /* SceneDelegate.swift */; };
		B0B270E7246B1DC600CFF4A1 /* ViewController.swift in Sources */ = {isa = PBXBuildFile; fileRef = B0B270E6246B1DC600CFF4A1 /* ViewController.swift */; };
		B0B270EA246B1DC600CFF4A1 /* Main.storyboard in Resources */ = {isa = PBXBuildFile; fileRef = B0B270E8246B1DC600CFF4A1 /* Main.storyboard */; };
		B0B270EC246B1DC700CFF4A1 /* Assets.xcassets in Resources */ = {isa = PBXBuildFile; fileRef = B0B270EB246B1DC700CFF4A1 /* Assets.xcassets */; };
		B0B270EF246B1DC700CFF4A1 /* LaunchScreen.storyboard in Resources */ = {isa = PBXBuildFile; fileRef = B0B270ED246B1DC700CFF4A1 /* LaunchScreen.storyboard */; };
		B0B270F72471082F00CFF4A1 /* AnimalTableViewController.swift in Sources */ = {isa = PBXBuildFile; fileRef = B0B270F62471082F00CFF4A1 /* AnimalTableViewController.swift */; };
		B0B270F924711AB000CFF4A1 /* SpecificAnimalViewController.swift in Sources */ = {isa = PBXBuildFile; fileRef = B0B270F824711AB000CFF4A1 /* SpecificAnimalViewController.swift */; };
		B0B270FB24718C3100CFF4A1 /* WishlistManager.swift in Sources */ = {isa = PBXBuildFile; fileRef = B0B270FA24718C3100CFF4A1 /* WishlistManager.swift */; };
		B0B270FF2473592B00CFF4A1 /* CapturedManager.swift in Sources */ = {isa = PBXBuildFile; fileRef = B0B270FE2473592B00CFF4A1 /* CapturedManager.swift */; };
/* End PBXBuildFile section */

/* Begin PBXFileReference section */
		B0B270DF246B1DC600CFF4A1 /* What to Catch.app */ = {isa = PBXFileReference; explicitFileType = wrapper.application; includeInIndex = 0; path = "What to Catch.app"; sourceTree = BUILT_PRODUCTS_DIR; };
		B0B270E2246B1DC600CFF4A1 /* AppDelegate.swift */ = {isa = PBXFileReference; lastKnownFileType = sourcecode.swift; path = AppDelegate.swift; sourceTree = "<group>"; };
		B0B270E4246B1DC600CFF4A1 /* SceneDelegate.swift */ = {isa = PBXFileReference; lastKnownFileType = sourcecode.swift; path = SceneDelegate.swift; sourceTree = "<group>"; };
		B0B270E6246B1DC600CFF4A1 /* ViewController.swift */ = {isa = PBXFileReference; lastKnownFileType = sourcecode.swift; path = ViewController.swift; sourceTree = "<group>"; };
		B0B270E9246B1DC600CFF4A1 /* Base */ = {isa = PBXFileReference; lastKnownFileType = file.storyboard; name = Base; path = Base.lproj/Main.storyboard; sourceTree = "<group>"; };
		B0B270EB246B1DC700CFF4A1 /* Assets.xcassets */ = {isa = PBXFileReference; lastKnownFileType = folder.assetcatalog; path = Assets.xcassets; sourceTree = "<group>"; };
		B0B270EE246B1DC700CFF4A1 /* Base */ = {isa = PBXFileReference; lastKnownFileType = file.storyboard; name = Base; path = Base.lproj/LaunchScreen.storyboard; sourceTree = "<group>"; };
		B0B270F0246B1DC700CFF4A1 /* Info.plist */ = {isa = PBXFileReference; lastKnownFileType = text.plist.xml; path = Info.plist; sourceTree = "<group>"; };
		B0B270F62471082F00CFF4A1 /* AnimalTableViewController.swift */ = {isa = PBXFileReference; lastKnownFileType = sourcecode.swift; path = AnimalTableViewController.swift; sourceTree = "<group>"; };
		B0B270F824711AB000CFF4A1 /* SpecificAnimalViewController.swift */ = {isa = PBXFileReference; lastKnownFileType = sourcecode.swift; path = SpecificAnimalViewController.swift; sourceTree = "<group>"; };
		B0B270FA24718C3100CFF4A1 /* WishlistManager.swift */ = {isa = PBXFileReference; lastKnownFileType = sourcecode.swift; path = WishlistManager.swift; sourceTree = "<group>"; };
		B0B270FE2473592B00CFF4A1 /* CapturedManager.swift */ = {isa = PBXFileReference; lastKnownFileType = sourcecode.swift; path = CapturedManager.swift; sourceTree = "<group>"; };
/* End PBXFileReference section */

/* Begin PBXFrameworksBuildPhase section */
		B0B270DC246B1DC500CFF4A1 /* Frameworks */ = {
			isa = PBXFrameworksBuildPhase;
			buildActionMask = 2147483647;
			files = (
			);
			runOnlyForDeploymentPostprocessing = 0;
		};
/* End PBXFrameworksBuildPhase section */

/* Begin PBXGroup section */
		B0B270D6246B1DC500CFF4A1 = {
			isa = PBXGroup;
			children = (
				B0B270E1246B1DC600CFF4A1 /* What to Catch */,
				B0B270E0246B1DC600CFF4A1 /* Products */,
			);
			sourceTree = "<group>";
		};
		B0B270E0246B1DC600CFF4A1 /* Products */ = {
			isa = PBXGroup;
			children = (
				B0B270DF246B1DC600CFF4A1 /* What to Catch.app */,
			);
			name = Products;
			sourceTree = "<group>";
		};
		B0B270E1246B1DC600CFF4A1 /* What to Catch */ = {
			isa = PBXGroup;
			children = (
				B0B270E2246B1DC600CFF4A1 /* AppDelegate.swift */,
				B0B270E4246B1DC600CFF4A1 /* SceneDelegate.swift */,
				B0B270E6246B1DC600CFF4A1 /* ViewController.swift */,
				B0B270EB246B1DC700CFF4A1 /* Assets.xcassets */,
				B0B270ED246B1DC700CFF4A1 /* LaunchScreen.storyboard */,
				B0B270F0246B1DC700CFF4A1 /* Info.plist */,
				B0B270E8246B1DC600CFF4A1 /* Main.storyboard */,
				B0B270F62471082F00CFF4A1 /* AnimalTableViewController.swift */,
				B0B270F824711AB000CFF4A1 /* SpecificAnimalViewController.swift */,
				B0B270FA24718C3100CFF4A1 /* WishlistManager.swift */,
				B0B270FE2473592B00CFF4A1 /* CapturedManager.swift */,
			);
			path = "What to Catch";
			sourceTree = "<group>";
		};
/* End PBXGroup section */

/* Begin PBXNativeTarget section */
		B0B270DE246B1DC500CFF4A1 /* What to Catch */ = {
			isa = PBXNativeTarget;
			buildConfigurationList = B0B270F3246B1DC700CFF4A1 /* Build configuration list for PBXNativeTarget "What to Catch" */;
			buildPhases = (
				B0B270DB246B1DC500CFF4A1 /* Sources */,
				B0B270DC246B1DC500CFF4A1 /* Frameworks */,
				B0B270DD246B1DC500CFF4A1 /* Resources */,
			);
			buildRules = (
			);
			dependencies = (
			);
			name = "What to Catch";
			productName = "What to Catch";
			productReference = B0B270DF246B1DC600CFF4A1 /* What to Catch.app */;
			productType = "com.apple.product-type.application";
		};
/* End PBXNativeTarget section */

/* Begin PBXProject section */
		B0B270D7246B1DC500CFF4A1 /* Project object */ = {
			isa = PBXProject;
			attributes = {
				LastSwiftUpdateCheck = 1130;
				LastUpgradeCheck = 1130;
				ORGANIZATIONNAME = "Mundo Inc";
				TargetAttributes = {
					B0B270DE246B1DC500CFF4A1 = {
						CreatedOnToolsVersion = 11.3.1;
					};
				};
			};
			buildConfigurationList = B0B270DA246B1DC500CFF4A1 /* Build configuration list for PBXProject "What to Catch" */;
			compatibilityVersion = "Xcode 9.3";
			developmentRegion = en;
			hasScannedForEncodings = 0;
			knownRegions = (
				en,
				Base,
			);
			mainGroup = B0B270D6246B1DC500CFF4A1;
			productRefGroup = B0B270E0246B1DC600CFF4A1 /* Products */;
			projectDirPath = "";
			projectRoot = "";
			targets = (
				B0B270DE246B1DC500CFF4A1 /* What to Catch */,
			);
		};
/* End PBXProject section */

/* Begin PBXResourcesBuildPhase section */
		B0B270DD246B1DC500CFF4A1 /* Resources */ = {
			isa = PBXResourcesBuildPhase;
			buildActionMask = 2147483647;
			files = (
				B0B270EF246B1DC700CFF4A1 /* LaunchScreen.storyboard in Resources */,
				B0B270EC246B1DC700CFF4A1 /* Assets.xcassets in Resources */,
				B0B270EA246B1DC600CFF4A1 /* Main.storyboard in Resources */,
			);
			runOnlyForDeploymentPostprocessing = 0;
		};
/* End PBXResourcesBuildPhase section */

/* Begin PBXSourcesBuildPhase section */
		B0B270DB246B1DC500CFF4A1 /* Sources */ = {
			isa = PBXSourcesBuildPhase;
			buildActionMask = 2147483647;
			files = (
				B0B270E7246B1DC600CFF4A1 /* ViewController.swift in Sources */,
				B0B270FF2473592B00CFF4A1 /* CapturedManager.swift in Sources */,
				B0B270E3246B1DC600CFF4A1 /* AppDelegate.swift in Sources */,
				B0B270E5246B1DC600CFF4A1 /* SceneDelegate.swift in Sources */,
				B0B270F72471082F00CFF4A1 /* AnimalTableViewController.swift in Sources */,
				B0B270FB24718C3100CFF4A1 /* WishlistManager.swift in Sources */,
				B0B270F924711AB000CFF4A1 /* SpecificAnimalViewController.swift in Sources */,
			);
			runOnlyForDeploymentPostprocessing = 0;
		};
/* End PBXSourcesBuildPhase section */

/* Begin PBXVariantGroup section */
		B0B270E8246B1DC600CFF4A1 /* Main.storyboard */ = {
			isa = PBXVariantGroup;
			children = (
				B0B270E9246B1DC600CFF4A1 /* Base */,
			);
			name = Main.storyboard;
			sourceTree = "<group>";
		};
		B0B270ED246B1DC700CFF4A1 /* LaunchScreen.storyboard */ = {
			isa = PBXVariantGroup;
			children = (
				B0B270EE246B1DC700CFF4A1 /* Base */,
			);
			name = LaunchScreen.storyboard;
			sourceTree = "<group>";
		};
/* End PBXVariantGroup section */

/* Begin XCBuildConfiguration section */
		B0B270F1246B1DC700CFF4A1 /* Debug */ = {
			isa = XCBuildConfiguration;
			buildSettings = {
				ALWAYS_SEARCH_USER_PATHS = NO;
				CLANG_ANALYZER_NONNULL = YES;
				CLANG_ANALYZER_NUMBER_OBJECT_CONVERSION = YES_AGGRESSIVE;
				CLANG_CXX_LANGUAGE_STANDARD = "gnu++14";
				CLANG_CXX_LIBRARY = "libc++";
				CLANG_ENABLE_MODULES = YES;
				CLANG_ENABLE_OBJC_ARC = YES;
				CLANG_ENABLE_OBJC_WEAK = YES;
				CLANG_WARN_BLOCK_CAPTURE_AUTORELEASING = YES;
				CLANG_WARN_BOOL_CONVERSION = YES;
				CLANG_WARN_COMMA = YES;
				CLANG_WARN_CONSTANT_CONVERSION = YES;
				CLANG_WARN_DEPRECATED_OBJC_IMPLEMENTATIONS = YES;
				CLANG_WARN_DIRECT_OBJC_ISA_USAGE = YES_ERROR;
				CLANG_WARN_DOCUMENTATION_COMMENTS = YES;
				CLANG_WARN_EMPTY_BODY = YES;
				CLANG_WARN_ENUM_CONVERSION = YES;
				CLANG_WARN_INFINITE_RECURSION = YES;
				CLANG_WARN_INT_CONVERSION = YES;
				CLANG_WARN_NON_LITERAL_NULL_CONVERSION = YES;
				CLANG_WARN_OBJC_IMPLICIT_RETAIN_SELF = YES;
				CLANG_WARN_OBJC_LITERAL_CONVERSION = YES;
				CLANG_WARN_OBJC_ROOT_CLASS = YES_ERROR;
				CLANG_WARN_RANGE_LOOP_ANALYSIS = YES;
				CLANG_WARN_STRICT_PROTOTYPES = YES;
				CLANG_WARN_SUSPICIOUS_MOVE = YES;
				CLANG_WARN_UNGUARDED_AVAILABILITY = YES_AGGRESSIVE;
				CLANG_WARN_UNREACHABLE_CODE = YES;
				CLANG_WARN__DUPLICATE_METHOD_MATCH = YES;
				COPY_PHASE_STRIP = NO;
				DEBUG_INFORMATION_FORMAT = dwarf;
				ENABLE_STRICT_OBJC_MSGSEND = YES;
				ENABLE_TESTABILITY = YES;
				GCC_C_LANGUAGE_STANDARD = gnu11;
				GCC_DYNAMIC_NO_PIC = NO;
				GCC_NO_COMMON_BLOCKS = YES;
				GCC_OPTIMIZATION_LEVEL = 0;
				GCC_PREPROCESSOR_DEFINITIONS = (
					"DEBUG=1",
					"$(inherited)",
				);
				GCC_WARN_64_TO_32_BIT_CONVERSION = YES;
				GCC_WARN_ABOUT_RETURN_TYPE = YES_ERROR;
				GCC_WARN_UNDECLARED_SELECTOR = YES;
				GCC_WARN_UNINITIALIZED_AUTOS = YES_AGGRESSIVE;
				GCC_WARN_UNUSED_FUNCTION = YES;
				GCC_WARN_UNUSED_VARIABLE = YES;
				IPHONEOS_DEPLOYMENT_TARGET = 13.2;
				MTL_ENABLE_DEBUG_INFO = INCLUDE_SOURCE;
				MTL_FAST_MATH = YES;
				ONLY_ACTIVE_ARCH = YES;
				SDKROOT = iphoneos;
				SWIFT_ACTIVE_COMPILATION_CONDITIONS = DEBUG;
				SWIFT_OPTIMIZATION_LEVEL = "-Onone";
			};
			name = Debug;
		};
		B0B270F2246B1DC700CFF4A1 /* Release */ = {
			isa = XCBuildConfiguration;
			buildSettings = {
				ALWAYS_SEARCH_USER_PATHS = NO;
				CLANG_ANALYZER_NONNULL = YES;
				CLANG_ANALYZER_NUMBER_OBJECT_CONVERSION = YES_AGGRESSIVE;
				CLANG_CXX_LANGUAGE_STANDARD = "gnu++14";
				CLANG_CXX_LIBRARY = "libc++";
				CLANG_ENABLE_MODULES = YES;
				CLANG_ENABLE_OBJC_ARC = YES;
				CLANG_ENABLE_OBJC_WEAK = YES;
				CLANG_WARN_BLOCK_CAPTURE_AUTORELEASING = YES;
				CLANG_WARN_BOOL_CONVERSION = YES;
				CLANG_WARN_COMMA = YES;
				CLANG_WARN_CONSTANT_CONVERSION = YES;
				CLANG_WARN_DEPRECATED_OBJC_IMPLEMENTATIONS = YES;
				CLANG_WARN_DIRECT_OBJC_ISA_USAGE = YES_ERROR;
				CLANG_WARN_DOCUMENTATION_COMMENTS = YES;
				CLANG_WARN_EMPTY_BODY = YES;
				CLANG_WARN_ENUM_CONVERSION = YES;
				CLANG_WARN_INFINITE_RECURSION = YES;
				CLANG_WARN_INT_CONVERSION = YES;
				CLANG_WARN_NON_LITERAL_NULL_CONVERSION = YES;
				CLANG_WARN_OBJC_IMPLICIT_RETAIN_SELF = YES;
				CLANG_WARN_OBJC_LITERAL_CONVERSION = YES;
				CLANG_WARN_OBJC_ROOT_CLASS = YES_ERROR;
				CLANG_WARN_RANGE_LOOP_ANALYSIS = YES;
				CLANG_WARN_STRICT_PROTOTYPES = YES;
				CLANG_WARN_SUSPICIOUS_MOVE = YES;
				CLANG_WARN_UNGUARDED_AVAILABILITY = YES_AGGRESSIVE;
				CLANG_WARN_UNREACHABLE_CODE = YES;
				CLANG_WARN__DUPLICATE_METHOD_MATCH = YES;
				COPY_PHASE_STRIP = NO;
				DEBUG_INFORMATION_FORMAT = "dwarf-with-dsym";
				ENABLE_NS_ASSERTIONS = NO;
				ENABLE_STRICT_OBJC_MSGSEND = YES;
				GCC_C_LANGUAGE_STANDARD = gnu11;
				GCC_NO_COMMON_BLOCKS = YES;
				GCC_WARN_64_TO_32_BIT_CONVERSION = YES;
				GCC_WARN_ABOUT_RETURN_TYPE = YES_ERROR;
				GCC_WARN_UNDECLARED_SELECTOR = YES;
				GCC_WARN_UNINITIALIZED_AUTOS = YES_AGGRESSIVE;
				GCC_WARN_UNUSED_FUNCTION = YES;
				GCC_WARN_UNUSED_VARIABLE = YES;
				IPHONEOS_DEPLOYMENT_TARGET = 13.2;
				MTL_ENABLE_DEBUG_INFO = NO;
				MTL_FAST_MATH = YES;
				SDKROOT = iphoneos;
				SWIFT_COMPILATION_MODE = wholemodule;
				SWIFT_OPTIMIZATION_LEVEL = "-O";
				VALIDATE_PRODUCT = YES;
			};
			name = Release;
		};
		B0B270F4246B1DC700CFF4A1 /* Debug */ = {
			isa = XCBuildConfiguration;
			buildSettings = {
				ASSETCATALOG_COMPILER_APPICON_NAME = AppIcon;
				CODE_SIGN_STYLE = Automatic;
				INFOPLIST_FILE = "What to Catch/Info.plist";
				LD_RUNPATH_SEARCH_PATHS = (
					"$(inherited)",
					"@executable_path/Frameworks",
				);
				PRODUCT_BUNDLE_IDENTIFIER = "mundoe.What-to-Catch";
				PRODUCT_NAME = "$(TARGET_NAME)";
				SWIFT_VERSION = 5.0;
				TARGETED_DEVICE_FAMILY = "1,2";
			};
			name = Debug;
		};
		B0B270F5246B1DC700CFF4A1 /* Release */ = {
			isa = XCBuildConfiguration;
			buildSettings = {
				ASSETCATALOG_COMPILER_APPICON_NAME = AppIcon;
				CODE_SIGN_STYLE = Automatic;
				INFOPLIST_FILE = "What to Catch/Info.plist";
				LD_RUNPATH_SEARCH_PATHS = (
					"$(inherited)",
					"@executable_path/Frameworks",
				);
				PRODUCT_BUNDLE_IDENTIFIER = "mundoe.What-to-Catch";
				PRODUCT_NAME = "$(TARGET_NAME)";
				SWIFT_VERSION = 5.0;
				TARGETED_DEVICE_FAMILY = "1,2";
			};
			name = Release;
		};
/* End XCBuildConfiguration section */

/* Begin XCConfigurationList section */
		B0B270DA246B1DC500CFF4A1 /* Build configuration list for PBXProject "What to Catch" */ = {
			isa = XCConfigurationList;
			buildConfigurations = (
				B0B270F1246B1DC700CFF4A1 /* Debug */,
				B0B270F2246B1DC700CFF4A1 /* Release */,
			);
			defaultConfigurationIsVisible = 0;
			defaultConfigurationName = Release;
		};
		B0B270F3246B1DC700CFF4A1 /* Build configuration list for PBXNativeTarget "What to Catch" */ = {
			isa = XCConfigurationList;
			buildConfigurations = (
				B0B270F4246B1DC700CFF4A1 /* Debug */,
				B0B270F5246B1DC700CFF4A1 /* Release */,
			);
			defaultConfigurationIsVisible = 0;
			defaultConfigurationName = Release;
		};
/* End XCConfigurationList section */
	};
	rootObject = B0B270D7246B1DC500CFF4A1 /* Project object */;
}
